
Microsoft Visual Studio Solution File, Format Version 12.00
# Visual Studio Version 17
VisualStudioVersion = 17.0.32002.185
MinimumVisualStudioVersion = 10.0.40219.1
Project("{FAE04EC0-301F-11D3-BF4B-00C04F79EFBC}") = "HR_Portalgrad", "HR_Portalgrad\HR_Portalgrad.csproj", "{27EF62BD-557D-419A-81B1-A0131E5ABE15}"
EndProject
Global
	GlobalSection(SolutionConfigurationPlatforms) = preSolution
		Debug|Any CPU = Debug|Any CPU
		Release|Any CPU = Release|Any CPU
	EndGlobalSection
	GlobalSection(ProjectConfigurationPlatforms) = postSolution
		{27EF62BD-557D-419A-81B1-A0131E5ABE15}.Debug|Any CPU.ActiveCfg = Debug|Any CPU
		{27EF62BD-557D-419A-81B1-A0131E5ABE15}.Debug|Any CPU.Build.0 = Debug|Any CPU
		{27EF62BD-557D-419A-81B1-A0131E5ABE15}.Release|Any CPU.ActiveCfg = Release|Any CPU
		{27EF62BD-557D-419A-81B1-A0131E5ABE15}.Release|Any CPU.Build.0 = Release|Any CPU
	EndGlobalSection
	GlobalSection(SolutionProperties) = preSolution
		HideSolutionNode = FALSE
	EndGlobalSection
	GlobalSection(ExtensibilityGlobals) = postSolution
		SolutionGuid = {3BBE4083-D526-4321-80E3-7D6EF63C8943}
	EndGlobalSection
EndGlobal
